PODS:
  - Capacitor (7.4.2):
    - CapacitorCordova
  - CapacitorCordova (7.4.2)
  - CapacitorStatusBar (7.0.1):
    - Capacitor

DEPENDENCIES:
  - "Capacitor (from `../../node_modules/@capacitor/ios`)"
  - "CapacitorCordova (from `../../node_modules/@capacitor/ios`)"
  - "CapacitorStatusBar (from `../../node_modules/@capacitor/status-bar`)"

EXTERNAL SOURCES:
  Capacitor:
    :path: "../../node_modules/@capacitor/ios"
  CapacitorCordova:
    :path: "../../node_modules/@capacitor/ios"
  CapacitorStatusBar:
    :path: "../../node_modules/@capacitor/status-bar"

SPEC CHECKSUMS:
  Capacitor: 9d9e481b79ffaeacaf7a85d6a11adec32bd33b59
  CapacitorCordova: 5e58d04631bc5094894ac106e2bf1da18a9e6151
  CapacitorStatusBar: 6e7af040d8fc4dd655999819625cae9c2d74c36f

PODFILE CHECKSUM: 2dda0cc353931d1c074294a0067df65453b878b5

COCOAPODS: 1.16.2
